
Microsoft Visual Studio Solution File, Format Version 12.00
# Visual Studio Version 17
VisualStudioVersion = 17.14.36414.22 d17.14
MinimumVisualStudioVersion = 10.0.40219.1
Project("{FAE04EC0-301F-11D3-BF4B-00C04F79EFBC}") = "ConsoleApp1", "ConsoleApp1\ConsoleApp1.csproj", "{2C13F745-8FD9-483A-82A3-F579286370AD}"
EndProject
Global
	GlobalSection(SolutionConfigurationPlatforms) = preSolution
		Debug|Any CPU = Debug|Any CPU
		Release|Any CPU = Release|Any CPU
	EndGlobalSection
	GlobalSection(ProjectConfigurationPlatforms) = postSolution
		{2C13F745-8FD9-483A-82A3-F579286370AD}.Debug|Any CPU.ActiveCfg = Debug|Any CPU
		{2C13F745-8FD9-483A-82A3-F579286370AD}.Debug|Any CPU.Build.0 = Debug|Any CPU
		{2C13F745-8FD9-483A-82A3-F579286370AD}.Release|Any CPU.ActiveCfg = Release|Any CPU
		{2C13F745-8FD9-483A-82A3-F579286370AD}.Release|Any CPU.Build.0 = Release|Any CPU
	EndGlobalSection
	GlobalSection(SolutionProperties) = preSolution
		HideSolutionNode = FALSE
	EndGlobalSection
	GlobalSection(ExtensibilityGlobals) = postSolution
		SolutionGuid = {87CAF186-5F70-4A62-A9CE-9E0F06DF373F}
	EndGlobalSection
EndGlobal
